{
  "pins" : [
    {
      "identity" : "nimble",
      "kind" : "remoteSourceControl",
      "location" : "https://github.com/Quick/Nimble.git",
      "state" : {
        "revision" : "7a46a5fc86cb917f69e3daf79fcb045283d8f008",
        "version" : "8.1.2"
      }
    },
    {
      "identity" : "swift-bson",
      "kind" : "remoteSourceControl",
      "location" : "git@github.com:mongodb/swift-bson.git",
      "state" : {
        "revision" : "d18d9798987b737a7162ce6678da18561b5c629a",
        "version" : "3.1.0"
      }
    },
    {
      "identity" : "swift-extras-base64",
      "kind" : "remoteSourceControl",
      "location" : "https://github.com/swift-extras/swift-extras-base64",
      "state" : {
        "revision" : "778e00dd7cc2b7970742f061cffc87dd570e6bfa",
        "version" : "0.5.0"
      }
    },
    {
      "identity" : "swift-extras-json",
      "kind" : "remoteSourceControl",
      "location" : "https://github.com/swift-extras/swift-extras-json",
      "state" : {
        "revision" : "122b9454ef01bf89a4c190b8fd3717ddd0a2fbd0",
        "version" : "0.6.0"
      }
    },
    {
      "identity" : "swift-nio",
      "kind" : "remoteSourceControl",
      "location" : "https://github.com/apple/swift-nio",
      "state" : {
        "revision" : "124119f0bb12384cef35aa041d7c3a686108722d",
        "version" : "2.40.0"
      }
    }
  ],
  "version" : 2
}
